
Microsoft Visual Studio Solution File, Format Version 12.00
# Visual Studio Version 17
VisualStudioVersion = 17.13.35806.99 d17.13
MinimumVisualStudioVersion = 10.0.40219.1
Project("{FAE04EC0-301F-11D3-BF4B-00C04F79EFBC}") = "Task1_1", "Task1_1\Task1_1.csproj", "{000BDE67-CF4C-42E0-94F7-6560B241DEED}"
EndProject
Global
	GlobalSection(SolutionConfigurationPlatforms) = preSolution
		Debug|Any CPU = Debug|Any CPU
		Release|Any CPU = Release|Any CPU
	EndGlobalSection
	GlobalSection(ProjectConfigurationPlatforms) = postSolution
		{000BDE67-CF4C-42E0-94F7-6560B241DEED}.Debug|Any CPU.ActiveCfg = Debug|Any CPU
		{000BDE67-CF4C-42E0-94F7-6560B241DEED}.Debug|Any CPU.Build.0 = Debug|Any CPU
		{000BDE67-CF4C-42E0-94F7-6560B241DEED}.Release|Any CPU.ActiveCfg = Release|Any CPU
		{000BDE67-CF4C-42E0-94F7-6560B241DEED}.Release|Any CPU.Build.0 = Release|Any CPU
	EndGlobalSection
	GlobalSection(SolutionProperties) = preSolution
		HideSolutionNode = FALSE
	EndGlobalSection
	GlobalSection(ExtensibilityGlobals) = postSolution
		SolutionGuid = {65DB8052-FEEC-4173-B7A2-F62624B74D45}
	EndGlobalSection
EndGlobal
