
Microsoft Visual Studio Solution File, Format Version 12.00
# Visual Studio Version 17
VisualStudioVersion = 17.13.35806.99
MinimumVisualStudioVersion = 10.0.40219.1
Project("{FAE04EC0-301F-11D3-BF4B-00C04F79EFBC}") = "Task1_1", "Task1_1\Task1_1.csproj", "{000BDE67-CF4C-42E0-94F7-6560B241DEED}"
EndProject
Project("{FAE04EC0-301F-11D3-BF4B-00C04F79EFBC}") = "Task2_1", "Task2_1\Task2_1.csproj", "{C6B43782-A2F2-4E5E-B01F-FC033FA8F096}"
EndProject
Project("{FAE04EC0-301F-11D3-BF4B-00C04F79EFBC}") = "Task2_2", "Task2_2\Task2_2.csproj", "{90E17490-0FEF-46D1-9363-C76C96738ED8}"
EndProject
Project("{FAE04EC0-301F-11D3-BF4B-00C04F79EFBC}") = "Task2_3", "Task2_3\Task2_3.csproj", "{D7B900A6-E595-45B0-B3AB-EE53106BD42A}"
EndProject
Project("{FAE04EC0-301F-11D3-BF4B-00C04F79EFBC}") = "Task2_4", "Task2_4\Task2_4.csproj", "{AC65916C-D9E5-4A6C-8D02-C8BAF86AE54E}"
EndProject
Project("{FAE04EC0-301F-11D3-BF4B-00C04F79EFBC}") = "Task2_5", "Task2_5\Task2_5.csproj", "{5161BAA2-50B2-41D3-98BE-36C6E7FCAC61}"
EndProject
Project("{FAE04EC0-301F-11D3-BF4B-00C04F79EFBC}") = "Task4_1", "Task4_1\Task4_1.csproj", "{55979877-04F6-4DC5-BCF6-C382A5F2CDAE}"
EndProject
Project("{FAE04EC0-301F-11D3-BF4B-00C04F79EFBC}") = "Task4_2", "Task4_2\Task4_2.csproj", "{CC6C30D9-84EF-4E1C-B11D-922ED34C68FD}"
EndProject
Project("{FAE04EC0-301F-11D3-BF4B-00C04F79EFBC}") = "Task4_3", "Task4_3\Task4_3.csproj", "{7CE3330B-86C3-4DD1-963F-9D9AA5E05D7E}"
EndProject
Project("{FAE04EC0-301F-11D3-BF4B-00C04F79EFBC}") = "Task4_4", "Task4_4\Task4_4.csproj", "{A2BB786A-97AC-4285-8212-33D07F111132}"
EndProject
Project("{FAE04EC0-301F-11D3-BF4B-00C04F79EFBC}") = "Task4_5", "Task4_5\Task4_5.csproj", "{CF62F12E-F205-4430-98D3-A71D00F6F24D}"
EndProject
Project("{FAE04EC0-301F-11D3-BF4B-00C04F79EFBC}") = "Task4_6", "Task4_6\Task4_6.csproj", "{714A4E3B-1CAB-4856-8F0F-174F7A1A9355}"
EndProject
Project("{FAE04EC0-301F-11D3-BF4B-00C04F79EFBC}") = "Task4_7", "Task4_7\Task4_7.csproj", "{E723580D-2A59-4E86-8752-778477B432C8}"
EndProject
Project("{FAE04EC0-301F-11D3-BF4B-00C04F79EFBC}") = "Task5_1", "Task5_1\Task5_1.csproj", "{D8792127-D18B-4EE2-A181-57B2C9BF9BFB}"
EndProject
Project("{FAE04EC0-301F-11D3-BF4B-00C04F79EFBC}") = "Task5_2", "Task5_2\Task5_2.csproj", "{6DF05A35-FBD3-441D-8A86-5079851B2FBD}"
EndProject
Project("{FAE04EC0-301F-11D3-BF4B-00C04F79EFBC}") = "Task5_3", "Task5_3\Task5_3.csproj", "{57608145-9528-42FA-BC9D-6D4C60A4FFBC}"
EndProject
Project("{FAE04EC0-301F-11D3-BF4B-00C04F79EFBC}") = "Task5_4", "Task5_4\Task5_4.csproj", "{217E69E7-AEFF-4001-B308-3C53790727F0}"
EndProject
Project("{FAE04EC0-301F-11D3-BF4B-00C04F79EFBC}") = "Task5_5", "Task5_5\Task5_5.csproj", "{EC44A016-165D-4284-A63B-429F7F8FBD27}"
EndProject
Project("{FAE04EC0-301F-11D3-BF4B-00C04F79EFBC}") = "Task5_6", "Task5_6\Task5_6.csproj", "{E27C1E27-F5A4-4D1E-B994-A4B1F48B9B1E}"
EndProject
Project("{FAE04EC0-301F-11D3-BF4B-00C04F79EFBC}") = "Task5_7", "Task5_7\Task5_7.csproj", "{BE087E48-A15D-4286-9144-6D7D5B7D26BA}"
EndProject
Global
	GlobalSection(SolutionConfigurationPlatforms) = preSolution
		Debug|Any CPU = Debug|Any CPU
		Release|Any CPU = Release|Any CPU
	EndGlobalSection
	GlobalSection(ProjectConfigurationPlatforms) = postSolution
		{000BDE67-CF4C-42E0-94F7-6560B241DEED}.Debug|Any CPU.ActiveCfg = Debug|Any CPU
		{000BDE67-CF4C-42E0-94F7-6560B241DEED}.Debug|Any CPU.Build.0 = Debug|Any CPU
		{000BDE67-CF4C-42E0-94F7-6560B241DEED}.Release|Any CPU.ActiveCfg = Release|Any CPU
		{000BDE67-CF4C-42E0-94F7-6560B241DEED}.Release|Any CPU.Build.0 = Release|Any CPU
		{C6B43782-A2F2-4E5E-B01F-FC033FA8F096}.Debug|Any CPU.ActiveCfg = Debug|Any CPU
		{C6B43782-A2F2-4E5E-B01F-FC033FA8F096}.Debug|Any CPU.Build.0 = Debug|Any CPU
		{C6B43782-A2F2-4E5E-B01F-FC033FA8F096}.Release|Any CPU.ActiveCfg = Release|Any CPU
		{C6B43782-A2F2-4E5E-B01F-FC033FA8F096}.Release|Any CPU.Build.0 = Release|Any CPU
		{90E17490-0FEF-46D1-9363-C76C96738ED8}.Debug|Any CPU.ActiveCfg = Debug|Any CPU
		{90E17490-0FEF-46D1-9363-C76C96738ED8}.Debug|Any CPU.Build.0 = Debug|Any CPU
		{90E17490-0FEF-46D1-9363-C76C96738ED8}.Release|Any CPU.ActiveCfg = Release|Any CPU
		{90E17490-0FEF-46D1-9363-C76C96738ED8}.Release|Any CPU.Build.0 = Release|Any CPU
		{D7B900A6-E595-45B0-B3AB-EE53106BD42A}.Debug|Any CPU.ActiveCfg = Debug|Any CPU
		{D7B900A6-E595-45B0-B3AB-EE53106BD42A}.Debug|Any CPU.Build.0 = Debug|Any CPU
		{D7B900A6-E595-45B0-B3AB-EE53106BD42A}.Release|Any CPU.ActiveCfg = Release|Any CPU
		{D7B900A6-E595-45B0-B3AB-EE53106BD42A}.Release|Any CPU.Build.0 = Release|Any CPU
		{AC65916C-D9E5-4A6C-8D02-C8BAF86AE54E}.Debug|Any CPU.ActiveCfg = Debug|Any CPU
		{AC65916C-D9E5-4A6C-8D02-C8BAF86AE54E}.Debug|Any CPU.Build.0 = Debug|Any CPU
		{AC65916C-D9E5-4A6C-8D02-C8BAF86AE54E}.Release|Any CPU.ActiveCfg = Release|Any CPU
		{AC65916C-D9E5-4A6C-8D02-C8BAF86AE54E}.Release|Any CPU.Build.0 = Release|Any CPU
		{5161BAA2-50B2-41D3-98BE-36C6E7FCAC61}.Debug|Any CPU.ActiveCfg = Debug|Any CPU
		{5161BAA2-50B2-41D3-98BE-36C6E7FCAC61}.Debug|Any CPU.Build.0 = Debug|Any CPU
		{5161BAA2-50B2-41D3-98BE-36C6E7FCAC61}.Release|Any CPU.ActiveCfg = Release|Any CPU
		{5161BAA2-50B2-41D3-98BE-36C6E7FCAC61}.Release|Any CPU.Build.0 = Release|Any CPU
		{55979877-04F6-4DC5-BCF6-C382A5F2CDAE}.Debug|Any CPU.ActiveCfg = Debug|Any CPU
		{55979877-04F6-4DC5-BCF6-C382A5F2CDAE}.Debug|Any CPU.Build.0 = Debug|Any CPU
		{55979877-04F6-4DC5-BCF6-C382A5F2CDAE}.Release|Any CPU.ActiveCfg = Release|Any CPU
		{55979877-04F6-4DC5-BCF6-C382A5F2CDAE}.Release|Any CPU.Build.0 = Release|Any CPU
		{CC6C30D9-84EF-4E1C-B11D-922ED34C68FD}.Debug|Any CPU.ActiveCfg = Debug|Any CPU
		{CC6C30D9-84EF-4E1C-B11D-922ED34C68FD}.Debug|Any CPU.Build.0 = Debug|Any CPU
		{CC6C30D9-84EF-4E1C-B11D-922ED34C68FD}.Release|Any CPU.ActiveCfg = Release|Any CPU
		{CC6C30D9-84EF-4E1C-B11D-922ED34C68FD}.Release|Any CPU.Build.0 = Release|Any CPU
		{7CE3330B-86C3-4DD1-963F-9D9AA5E05D7E}.Debug|Any CPU.ActiveCfg = Debug|Any CPU
		{7CE3330B-86C3-4DD1-963F-9D9AA5E05D7E}.Debug|Any CPU.Build.0 = Debug|Any CPU
		{7CE3330B-86C3-4DD1-963F-9D9AA5E05D7E}.Release|Any CPU.ActiveCfg = Release|Any CPU
		{7CE3330B-86C3-4DD1-963F-9D9AA5E05D7E}.Release|Any CPU.Build.0 = Release|Any CPU
		{A2BB786A-97AC-4285-8212-33D07F111132}.Debug|Any CPU.ActiveCfg = Debug|Any CPU
		{A2BB786A-97AC-4285-8212-33D07F111132}.Debug|Any CPU.Build.0 = Debug|Any CPU
		{A2BB786A-97AC-4285-8212-33D07F111132}.Release|Any CPU.ActiveCfg = Release|Any CPU
		{A2BB786A-97AC-4285-8212-33D07F111132}.Release|Any CPU.Build.0 = Release|Any CPU
		{CF62F12E-F205-4430-98D3-A71D00F6F24D}.Debug|Any CPU.ActiveCfg = Debug|Any CPU
		{CF62F12E-F205-4430-98D3-A71D00F6F24D}.Debug|Any CPU.Build.0 = Debug|Any CPU
		{CF62F12E-F205-4430-98D3-A71D00F6F24D}.Release|Any CPU.ActiveCfg = Release|Any CPU
		{CF62F12E-F205-4430-98D3-A71D00F6F24D}.Release|Any CPU.Build.0 = Release|Any CPU
		{714A4E3B-1CAB-4856-8F0F-174F7A1A9355}.Debug|Any CPU.ActiveCfg = Debug|Any CPU
		{714A4E3B-1CAB-4856-8F0F-174F7A1A9355}.Debug|Any CPU.Build.0 = Debug|Any CPU
		{714A4E3B-1CAB-4856-8F0F-174F7A1A9355}.Release|Any CPU.ActiveCfg = Release|Any CPU
		{714A4E3B-1CAB-4856-8F0F-174F7A1A9355}.Release|Any CPU.Build.0 = Release|Any CPU
		{E723580D-2A59-4E86-8752-778477B432C8}.Debug|Any CPU.ActiveCfg = Debug|Any CPU
		{E723580D-2A59-4E86-8752-778477B432C8}.Debug|Any CPU.Build.0 = Debug|Any CPU
		{E723580D-2A59-4E86-8752-778477B432C8}.Release|Any CPU.ActiveCfg = Release|Any CPU
		{E723580D-2A59-4E86-8752-778477B432C8}.Release|Any CPU.Build.0 = Release|Any CPU
		{D8792127-D18B-4EE2-A181-57B2C9BF9BFB}.Debug|Any CPU.ActiveCfg = Debug|Any CPU
		{D8792127-D18B-4EE2-A181-57B2C9BF9BFB}.Debug|Any CPU.Build.0 = Debug|Any CPU
		{D8792127-D18B-4EE2-A181-57B2C9BF9BFB}.Release|Any CPU.ActiveCfg = Release|Any CPU
		{D8792127-D18B-4EE2-A181-57B2C9BF9BFB}.Release|Any CPU.Build.0 = Release|Any CPU
		{6DF05A35-FBD3-441D-8A86-5079851B2FBD}.Debug|Any CPU.ActiveCfg = Debug|Any CPU
		{6DF05A35-FBD3-441D-8A86-5079851B2FBD}.Debug|Any CPU.Build.0 = Debug|Any CPU
		{6DF05A35-FBD3-441D-8A86-5079851B2FBD}.Release|Any CPU.ActiveCfg = Release|Any CPU
		{6DF05A35-FBD3-441D-8A86-5079851B2FBD}.Release|Any CPU.Build.0 = Release|Any CPU
		{57608145-9528-42FA-BC9D-6D4C60A4FFBC}.Debug|Any CPU.ActiveCfg = Debug|Any CPU
		{57608145-9528-42FA-BC9D-6D4C60A4FFBC}.Debug|Any CPU.Build.0 = Debug|Any CPU
		{57608145-9528-42FA-BC9D-6D4C60A4FFBC}.Release|Any CPU.ActiveCfg = Release|Any CPU
		{57608145-9528-42FA-BC9D-6D4C60A4FFBC}.Release|Any CPU.Build.0 = Release|Any CPU
		{217E69E7-AEFF-4001-B308-3C53790727F0}.Debug|Any CPU.ActiveCfg = Debug|Any CPU
		{217E69E7-AEFF-4001-B308-3C53790727F0}.Debug|Any CPU.Build.0 = Debug|Any CPU
		{217E69E7-AEFF-4001-B308-3C53790727F0}.Release|Any CPU.ActiveCfg = Release|Any CPU
		{217E69E7-AEFF-4001-B308-3C53790727F0}.Release|Any CPU.Build.0 = Release|Any CPU
		{EC44A016-165D-4284-A63B-429F7F8FBD27}.Debug|Any CPU.ActiveCfg = Debug|Any CPU
		{EC44A016-165D-4284-A63B-429F7F8FBD27}.Debug|Any CPU.Build.0 = Debug|Any CPU
		{EC44A016-165D-4284-A63B-429F7F8FBD27}.Release|Any CPU.ActiveCfg = Release|Any CPU
		{EC44A016-165D-4284-A63B-429F7F8FBD27}.Release|Any CPU.Build.0 = Release|Any CPU
		{E27C1E27-F5A4-4D1E-B994-A4B1F48B9B1E}.Debug|Any CPU.ActiveCfg = Debug|Any CPU
		{E27C1E27-F5A4-4D1E-B994-A4B1F48B9B1E}.Debug|Any CPU.Build.0 = Debug|Any CPU
		{E27C1E27-F5A4-4D1E-B994-A4B1F48B9B1E}.Release|Any CPU.ActiveCfg = Release|Any CPU
		{E27C1E27-F5A4-4D1E-B994-A4B1F48B9B1E}.Release|Any CPU.Build.0 = Release|Any CPU
		{BE087E48-A15D-4286-9144-6D7D5B7D26BA}.Debug|Any CPU.ActiveCfg = Debug|Any CPU
		{BE087E48-A15D-4286-9144-6D7D5B7D26BA}.Debug|Any CPU.Build.0 = Debug|Any CPU
		{BE087E48-A15D-4286-9144-6D7D5B7D26BA}.Release|Any CPU.ActiveCfg = Release|Any CPU
		{BE087E48-A15D-4286-9144-6D7D5B7D26BA}.Release|Any CPU.Build.0 = Release|Any CPU
	EndGlobalSection
	GlobalSection(SolutionProperties) = preSolution
		HideSolutionNode = FALSE
	EndGlobalSection
	GlobalSection(ExtensibilityGlobals) = postSolution
		SolutionGuid = {65DB8052-FEEC-4173-B7A2-F62624B74D45}
	EndGlobalSection
EndGlobal
